{
  "version": 4,
  "terraform_version": "1.9.8",
  "serial": 347,
  "lineage": "7028dcac-9cc9-ca9f-a6e0-d3f8c3537531",
  "outputs": {},
  "resources": [
    {
      "mode": "managed",
      "type": "aws_autoscaling_group",
      "name": "example",
      "provider": "provider[\"registry.terraform.io/hashicorp/aws\"]",
      "instances": [
        {
          "schema_version": 1,
          "attributes": {
            "arn": "arn:aws:autoscaling:us-east-1:515122450677:autoScalingGroup:0d102435-aa70-41a7-9e50-9d83427d18eb:autoScalingGroupName/terraform-20241201145032695100000008",
            "availability_zones": [
              "us-east-1a",
              "us-east-1b"
            ],
            "capacity_rebalance": false,
            "context": "",
            "default_cooldown": 300,
            "default_instance_warmup": 0,
            "desired_capacity": 1,
            "desired_capacity_type": "",
            "enabled_metrics": null,
            "force_delete": false,
            "force_delete_warm_pool": false,
            "health_check_grace_period": 300,
            "health_check_type": "EC2",
            "id": "terraform-20241201145032695100000008",
            "ignore_failed_scaling_activities": false,
            "initial_lifecycle_hook": [],
            "instance_maintenance_policy": [],
            "instance_refresh": [],
            "launch_configuration": "",
            "launch_template": [
              {
                "id": "lt-0946baed57c84d25b",
                "name": "example-launch-template",
                "version": "$Latest"
              }
            ],
            "load_balancers": [],
            "max_instance_lifetime": 0,
            "max_size": 3,
            "metrics_granularity": "1Minute",
            "min_elb_capacity": null,
            "min_size": 1,
            "mixed_instances_policy": [],
            "name": "terraform-20241201145032695100000008",
            "name_prefix": "terraform-",
            "placement_group": "",
            "predicted_capacity": 0,
            "protect_from_scale_in": false,
            "service_linked_role_arn": "arn:aws:iam::515122450677:role/aws-service-role/autoscaling.amazonaws.com/AWSServiceRoleForAutoScaling",
            "suspended_processes": null,
            "tag": [
              {
                "key": "Name",
                "propagate_at_launch": true,
                "value": "AutoScalingInstance"
              }
            ],
            "target_group_arns": [
              "arn:aws:elasticloadbalancing:us-east-1:515122450677:targetgroup/tf-example-lb-tg/c34cdf39168f54a9"
            ],
            "termination_policies": null,
            "timeouts": null,
            "traffic_source": [
              {
                "identifier": "arn:aws:elasticloadbalancing:us-east-1:515122450677:targetgroup/tf-example-lb-tg/c34cdf39168f54a9",
                "type": "elbv2"
              }
            ],
            "vpc_zone_identifier": [
              "subnet-02c8820ea938a193c",
              "subnet-05d637f2d81c3231f"
            ],
            "wait_for_capacity_timeout": "10m",
            "wait_for_elb_capacity": null,
            "warm_pool": [],
            "warm_pool_size": 0
          },
          "sensitive_attributes": [],
          "private": "eyJlMmJmYjczMC1lY2FhLTExZTYtOGY4OC0zNDM2M2JjN2M0YzAiOnsiZGVsZXRlIjo2MDAwMDAwMDAwMDAsInVwZGF0ZSI6NjAwMDAwMDAwMDAwfSwic2NoZW1hX3ZlcnNpb24iOiIxIn0=",
          "dependencies": [
            "aws_iam_instance_profile.ec2_profile",
            "aws_iam_role.example_role",
            "aws_key_pair.jumper_to_private_key_pair",
            "aws_launch_template.example",
            "aws_lb_target_group.test",
            "aws_subnet.Private_ssup1",
            "aws_subnet.Private_ssup2",
            "aws_vpc.main_vpc",
            "tls_private_key.jumper_to_private_key"
          ]
        }
      ]
    },
    {
      "mode": "managed",
      "type": "aws_eip",
      "name": "nat_eip",
      "provider": "provider[\"registry.terraform.io/hashicorp/aws\"]",
      "instances": [
        {
          "schema_version": 0,
          "attributes": {
            "address": null,
            "allocation_id": "eipalloc-0a4c167396fd61c66",
            "arn": "arn:aws:ec2:us-east-1:515122450677:elastic-ip/eipalloc-0a4c167396fd61c66",
            "associate_with_private_ip": null,
            "association_id": "",
            "carrier_ip": "",
            "customer_owned_ip": "",
            "customer_owned_ipv4_pool": "",
            "domain": "vpc",
            "id": "eipalloc-0a4c167396fd61c66",
            "instance": "",
            "ipam_pool_id": null,
            "network_border_group": "us-east-1",
            "network_interface": "",
            "private_dns": null,
            "private_ip": "",
            "ptr_record": "",
            "public_dns": "ec2-44-205-149-188.compute-1.amazonaws.com",
            "public_ip": "44.205.149.188",
            "public_ipv4_pool": "amazon",
            "tags": {
              "Name": "nat-eip"
            },
            "tags_all": {
              "Name": "nat-eip"
            },
            "timeouts": null,
            "vpc": true
          },
          "sensitive_attributes": [],
          "private": "eyJlMmJmYjczMC1lY2FhLTExZTYtOGY4OC0zNDM2M2JjN2M0YzAiOnsiZGVsZXRlIjoxODAwMDAwMDAwMDAsInJlYWQiOjkwMDAwMDAwMDAwMCwidXBkYXRlIjozMDAwMDAwMDAwMDB9fQ=="
        }
      ]
    },
    {
      "mode": "managed",
      "type": "aws_iam_instance_profile",
      "name": "ec2_profile",
      "provider": "provider[\"registry.terraform.io/hashicorp/aws\"]",
      "instances": [
        {
          "schema_version": 0,
          "attributes": {
            "arn": "arn:aws:iam::515122450677:instance-profile/ec2_profile",
            "create_date": "2024-12-01T14:50:16Z",
            "id": "ec2_profile",
            "name": "ec2_profile",
            "name_prefix": "",
            "path": "/",
            "role": "example-role",
            "tags": null,
            "tags_all": {},
            "unique_id": "AIPAXP35Q2D2XV2C7XORR"
          },
          "sensitive_attributes": [],
          "private": "bnVsbA==",
          "dependencies": [
            "aws_iam_role.example_role"
          ]
        }
      ]
    },
    {
      "mode": "managed",
      "type": "aws_iam_policy",
      "name": "cloudkode_s3_policy",
      "provider": "provider[\"registry.terraform.io/hashicorp/aws\"]",
      "instances": [
        {
          "schema_version": 0,
          "attributes": {
            "arn": "arn:aws:iam::515122450677:policy/Cloudkode_S3_Policy",
            "attachment_count": 0,
            "description": "Policy for accessing the Cloudkode_s3 bucket",
            "id": "arn:aws:iam::515122450677:policy/Cloudkode_S3_Policy",
            "name": "Cloudkode_S3_Policy",
            "name_prefix": "",
            "path": "/",
            "policy": "{\"Statement\":[{\"Action\":[\"s3:GetObject\",\"s3:PutObject\",\"s3:ListBucket\"],\"Effect\":\"Allow\",\"Resource\":[\"arn:aws:s3:::cloudkodessdf3\",\"arn:aws:s3:::cloudkodessdf3/*\"]}],\"Version\":\"2012-10-17\"}",
            "policy_id": "ANPAXP35Q2D22IXDY7PEO",
            "tags": null,
            "tags_all": {}
          },
          "sensitive_attributes": [],
          "private": "bnVsbA=="
        }
      ]
    },
    {
      "mode": "managed",
      "type": "aws_iam_role",
      "name": "example_role",
      "provider": "provider[\"registry.terraform.io/hashicorp/aws\"]",
      "instances": [
        {
          "schema_version": 0,
          "attributes": {
            "arn": "arn:aws:iam::515122450677:role/example-role",
            "assume_role_policy": "{\"Statement\":[{\"Action\":\"sts:AssumeRole\",\"Effect\":\"Allow\",\"Principal\":{\"Service\":\"ec2.amazonaws.com\"}}],\"Version\":\"2012-10-17\"}",
            "create_date": "2024-12-01T14:50:15Z",
            "description": "",
            "force_detach_policies": false,
            "id": "example-role",
            "inline_policy": [],
            "managed_policy_arns": [],
            "max_session_duration": 3600,
            "name": "example-role",
            "name_prefix": "",
            "path": "/",
            "permissions_boundary": "",
            "tags": null,
            "tags_all": {},
            "unique_id": "AROAXP35Q2D2SQB3KEKN6"
          },
          "sensitive_attributes": [],
          "private": "bnVsbA=="
        }
      ]
    },
    {
      "mode": "managed",
      "type": "aws_iam_role_policy_attachment",
      "name": "example_role_policy_attachment",
      "provider": "provider[\"registry.terraform.io/hashicorp/aws\"]",
      "instances": [
        {
          "schema_version": 0,
          "attributes": {
            "id": "example-role-20241201145016339600000001",
            "policy_arn": "arn:aws:iam::515122450677:policy/Cloudkode_S3_Policy",
            "role": "example-role"
          },
          "sensitive_attributes": [],
          "private": "bnVsbA==",
          "dependencies": [
            "aws_iam_policy.cloudkode_s3_policy",
            "aws_iam_role.example_role"
          ]
        }
      ]
    },
    {
      "mode": "managed",
      "type": "aws_internet_gateway",
      "name": "gw-01",
      "provider": "provider[\"registry.terraform.io/hashicorp/aws\"]",
      "instances": [
        {
          "schema_version": 0,
          "attributes": {
            "arn": "arn:aws:ec2:us-east-1:515122450677:internet-gateway/igw-0abe2c79db5c86f40",
            "id": "igw-0abe2c79db5c86f40",
            "owner_id": "515122450677",
            "tags": {
              "Name": "main"
            },
            "tags_all": {
              "Name": "main"
            },
            "timeouts": null,
            "vpc_id": "vpc-06b5c139a7baa55b6"
          },
          "sensitive_attributes": [],
          "private": "eyJlMmJmYjczMC1lY2FhLTExZTYtOGY4OC0zNDM2M2JjN2M0YzAiOnsiY3JlYXRlIjoxMjAwMDAwMDAwMDAwLCJkZWxldGUiOjEyMDAwMDAwMDAwMDAsInVwZGF0ZSI6MTIwMDAwMDAwMDAwMH19",
          "dependencies": [
            "aws_vpc.main_vpc"
          ]
        }
      ]
    },
    {
      "mode": "managed",
      "type": "aws_key_pair",
      "name": "jumper_to_private_key_pair",
      "provider": "provider[\"registry.terraform.io/hashicorp/aws\"]",
      "instances": [
        {
          "schema_version": 1,
          "attributes": {
            "arn": "arn:aws:ec2:us-east-1:515122450677:key-pair/jumper-to-private-key",
            "fingerprint": "ed:59:ca:39:57:1e:cc:73:84:f5:21:e9:26:cd:00:27",
            "id": "jumper-to-private-key",
            "key_name": "jumper-to-private-key",
            "key_name_prefix": "",
            "key_pair_id": "key-02e36c1215e4fbb2b",
            "key_type": "rsa",
            "public_key": "ssh-rsa AAAAB3NzaC1yc2EAAAADAQABAAABAQCyLvKYHOSBAFLFOyi+coEC8Io4T2cIDxpFVU/8wgGCMb011mxRlaHaJl23DjEDZ1aimMZhFqzSOs8NXFqb3o38NCmGMZkxiRfwRqeFM0GOQjiGQos8wG9I9cNktXh2AFdPqgIZFzYj4UgDjbBkgAFosQLqqrxr/KAOouJ40JZiDkIie80swdWmPz3txbWn/dQsHQTamKGPS6Wcm6tCZKjs1BMnX1RyYfuk76vylztltc2l8ta0Im3ZDS9jeEIaS298blTFDX6gb2fBr7KI0Bmx7qKJuzQhJlvmIpW44VyqQP0GPWHo4McqGqOgnu7YDkkmPNGaHDkhlmLrzL0Kn3Cx",
            "tags": null,
            "tags_all": {}
          },
          "sensitive_attributes": [],
          "private": "eyJzY2hlbWFfdmVyc2lvbiI6IjEifQ==",
          "dependencies": [
            "tls_private_key.jumper_to_private_key"
          ]
        }
      ]
    },
    {
      "mode": "managed",
      "type": "aws_key_pair",
      "name": "rizk",
      "provider": "provider[\"registry.terraform.io/hashicorp/aws\"]",
      "instances": [
        {
          "schema_version": 1,
          "attributes": {
            "arn": "arn:aws:ec2:us-east-1:515122450677:key-pair/rizk-key",
            "fingerprint": "ea:64:15:63:d5:7a:aa:3c:24:70:d1:96:23:2a:69:a6",
            "id": "rizk-key",
            "key_name": "rizk-key",
            "key_name_prefix": "",
            "key_pair_id": "key-02cea4494b1d001e6",
            "key_type": "rsa",
            "public_key": "ssh-rsa AAAAB3NzaC1yc2EAAAADAQABAAACAQCd7Sg459Trr29W32e3JJMazfIKlUZM4WulaWLGvOKYLZHOlF2I8hdMBqobBaEnF8owqfhTX0wz9qF2zDiHouMcEfNHDjRkP6jZxWQrHKsuJzCoa6ImXWHiZw+3FbEEiJxbmWek2cL9eyAuA590KcOEspw023p4Pr6v/uGbGsPmmHnxsBDQGlDpsZSSLIa/TSo0/i3U0ze8gUTalgrVnt86A1TVsmtiqTFXxotmCvlPwbVaCK3qOt+MRY6bd49L0oY539XjnHkDWppVY3rwz4gyS9JGiPZYaMQCfigxQxskq3afZ9aHTbpsNRh0zbfiRjZa8r7d5S1su9lhd/SKNoMKHseD8QBqRBwmfnENe3SIkclQMAqcI1beMjcKN9BLlM0YFJxH/CHj31Mt5sniW3uctXxnI/6CHVXW6j518ihjVNxgfbSU6kYR9BLTzlu7EBdOesSzUrrRiDx163JYw+RlFYamupm8/Bs8+C1XbyYIvEuLH4NJSClBY146oqbHD/rF8iBV6VDyNLJ/NPa+ak/eGBRKFlovouKFh7g6tg5wFAA3cMJEp+y9EHWtXmFRra8iYmfLzPKzgjOkp1LswrxGp/oGPgmLm+2epca4bFhbIlh+sReFealB9yeIH1PiE+4ar8Tq4TQvHOJ0hzh47sfIaUbhhW6IG5MFZ9FcIIq3aw== hassan_mecho@hotmail.com",
            "tags": null,
            "tags_all": {}
          },
          "sensitive_attributes": [],
          "private": "eyJzY2hlbWFfdmVyc2lvbiI6IjEifQ=="
        }
      ]
    },
    {
      "mode": "managed",
      "type": "aws_launch_template",
      "name": "example",
      "provider": "provider[\"registry.terraform.io/hashicorp/aws\"]",
      "instances": [
        {
          "schema_version": 0,
          "attributes": {
            "arn": "arn:aws:ec2:us-east-1:515122450677:launch-template/lt-0946baed57c84d25b",
            "block_device_mappings": [],
            "capacity_reservation_specification": [],
            "cpu_options": [],
            "credit_specification": [],
            "default_version": 1,
            "description": "",
            "disable_api_stop": false,
            "disable_api_termination": false,
            "ebs_optimized": "",
            "elastic_gpu_specifications": [],
            "elastic_inference_accelerator": [],
            "enclave_options": [],
            "hibernation_options": [],
            "iam_instance_profile": [
              {
                "arn": "",
                "name": "ec2_profile"
              }
            ],
            "id": "lt-0946baed57c84d25b",
            "image_id": "ami-0866a3c8686eaeeba",
            "instance_initiated_shutdown_behavior": "",
            "instance_market_options": [],
            "instance_requirements": [],
            "instance_type": "t2.micro",
            "kernel_id": "",
            "key_name": "jumper-to-private-key",
            "latest_version": 1,
            "license_specification": [],
            "maintenance_options": [],
            "metadata_options": [],
            "monitoring": [],
            "name": "example-launch-template",
            "name_prefix": "",
            "network_interfaces": [],
            "placement": [],
            "private_dns_name_options": [],
            "ram_disk_id": "",
            "security_group_names": null,
            "tag_specifications": [],
            "tags": {
              "Name": "AutoScaling-Instance"
            },
            "tags_all": {
              "Name": "AutoScaling-Instance"
            },
            "update_default_version": null,
            "user_data": "IyEvYmluL2Jhc2gNCnl1bSB1cGRhdGUgLXkNCnl1bSBpbnN0YWxsIC15IHB5dGhvbjMNCmVjaG8gIkhlbGxvLCBXb3JsZCBmcm9tIEFTRyIgPiAvaG9tZS9lYzItdXNlci9pbmRleC5odG1sDQpjZCAvaG9tZS9lYzItdXNlcg0KcHl0aG9uMyAtbSBodHRwLnNlcnZlciA4MCAmDQo=",
            "vpc_security_group_ids": null
          },
          "sensitive_attributes": [],
          "private": "bnVsbA==",
          "dependencies": [
            "aws_iam_instance_profile.ec2_profile",
            "aws_iam_role.example_role",
            "aws_key_pair.jumper_to_private_key_pair",
            "tls_private_key.jumper_to_private_key"
          ]
        }
      ]
    },
    {
      "mode": "managed",
      "type": "aws_lb",
      "name": "test",
      "provider": "provider[\"registry.terraform.io/hashicorp/aws\"]",
      "instances": [
        {
          "schema_version": 0,
          "attributes": {
            "access_logs": [
              {
                "bucket": "",
                "enabled": false,
                "prefix": ""
              }
            ],
            "arn": "arn:aws:elasticloadbalancing:us-east-1:515122450677:loadbalancer/app/test-lb-tf/e7c679b343e6d7d2",
            "arn_suffix": "app/test-lb-tf/e7c679b343e6d7d2",
            "client_keep_alive": 3600,
            "connection_logs": [
              {
                "bucket": "",
                "enabled": false,
                "prefix": ""
              }
            ],
            "customer_owned_ipv4_pool": "",
            "desync_mitigation_mode": "defensive",
            "dns_name": "test-lb-tf-1835316484.us-east-1.elb.amazonaws.com",
            "dns_record_client_routing_policy": null,
            "drop_invalid_header_fields": false,
            "enable_cross_zone_load_balancing": true,
            "enable_deletion_protection": false,
            "enable_http2": true,
            "enable_tls_version_and_cipher_suite_headers": false,
            "enable_waf_fail_open": false,
            "enable_xff_client_port": false,
            "enable_zonal_shift": false,
            "enforce_security_group_inbound_rules_on_private_link_traffic": "",
            "id": "arn:aws:elasticloadbalancing:us-east-1:515122450677:loadbalancer/app/test-lb-tf/e7c679b343e6d7d2",
            "idle_timeout": 60,
            "internal": false,
            "ip_address_type": "ipv4",
            "load_balancer_type": "application",
            "name": "test-lb-tf",
            "name_prefix": "",
            "preserve_host_header": false,
            "security_groups": [
              "sg-088eba761cc3e1e45"
            ],
            "subnet_mapping": [
              {
                "allocation_id": "",
                "ipv6_address": "",
                "outpost_id": "",
                "private_ipv4_address": "",
                "subnet_id": "subnet-02c8820ea938a193c"
              },
              {
                "allocation_id": "",
                "ipv6_address": "",
                "outpost_id": "",
                "private_ipv4_address": "",
                "subnet_id": "subnet-05d637f2d81c3231f"
              }
            ],
            "subnets": [
              "subnet-02c8820ea938a193c",
              "subnet-05d637f2d81c3231f"
            ],
            "tags": null,
            "tags_all": {},
            "timeouts": null,
            "vpc_id": "vpc-06b5c139a7baa55b6",
            "xff_header_processing_mode": "append",
            "zone_id": "Z35SXDOTRQ7X7K"
          },
          "sensitive_attributes": [],
          "private": "eyJlMmJmYjczMC1lY2FhLTExZTYtOGY4OC0zNDM2M2JjN2M0YzAiOnsiY3JlYXRlIjo2MDAwMDAwMDAwMDAsImRlbGV0ZSI6NjAwMDAwMDAwMDAwLCJ1cGRhdGUiOjYwMDAwMDAwMDAwMH19",
          "dependencies": [
            "aws_subnet.Private_ssup1",
            "aws_subnet.Private_ssup2",
            "aws_vpc.main_vpc"
          ]
        }
      ]
    },
    {
      "mode": "managed",
      "type": "aws_lb_listener",
      "name": "listener",
      "provider": "provider[\"registry.terraform.io/hashicorp/aws\"]",
      "instances": [
        {
          "schema_version": 0,
          "attributes": {
            "alpn_policy": null,
            "arn": "arn:aws:elasticloadbalancing:us-east-1:515122450677:listener/app/test-lb-tf/e7c679b343e6d7d2/c651502275e6036f",
            "certificate_arn": null,
            "default_action": [
              {
                "authenticate_cognito": [],
                "authenticate_oidc": [],
                "fixed_response": [],
                "forward": [],
                "order": 1,
                "redirect": [],
                "target_group_arn": "arn:aws:elasticloadbalancing:us-east-1:515122450677:targetgroup/tf-example-lb-tg/c34cdf39168f54a9",
                "type": "forward"
              }
            ],
            "id": "arn:aws:elasticloadbalancing:us-east-1:515122450677:listener/app/test-lb-tf/e7c679b343e6d7d2/c651502275e6036f",
            "load_balancer_arn": "arn:aws:elasticloadbalancing:us-east-1:515122450677:loadbalancer/app/test-lb-tf/e7c679b343e6d7d2",
            "mutual_authentication": [],
            "port": 80,
            "protocol": "HTTP",
            "ssl_policy": "",
            "tags": null,
            "tags_all": {},
            "tcp_idle_timeout_seconds": null,
            "timeouts": null
          },
          "sensitive_attributes": [],
          "private": "eyJlMmJmYjczMC1lY2FhLTExZTYtOGY4OC0zNDM2M2JjN2M0YzAiOnsiY3JlYXRlIjozMDAwMDAwMDAwMDAsInVwZGF0ZSI6MzAwMDAwMDAwMDAwfX0=",
          "dependencies": [
            "aws_lb.test",
            "aws_lb_target_group.test",
            "aws_subnet.Private_ssup1",
            "aws_subnet.Private_ssup2",
            "aws_vpc.main_vpc"
          ]
        }
      ]
    },
    {
      "mode": "managed",
      "type": "aws_lb_target_group",
      "name": "test",
      "provider": "provider[\"registry.terraform.io/hashicorp/aws\"]",
      "instances": [
        {
          "schema_version": 0,
          "attributes": {
            "arn": "arn:aws:elasticloadbalancing:us-east-1:515122450677:targetgroup/tf-example-lb-tg/c34cdf39168f54a9",
            "arn_suffix": "targetgroup/tf-example-lb-tg/c34cdf39168f54a9",
            "connection_termination": null,
            "deregistration_delay": "300",
            "health_check": [
              {
                "enabled": true,
                "healthy_threshold": 3,
                "interval": 30,
                "matcher": "200",
                "path": "/",
                "port": "80",
                "protocol": "HTTP",
                "timeout": 5,
                "unhealthy_threshold": 3
              }
            ],
            "id": "arn:aws:elasticloadbalancing:us-east-1:515122450677:targetgroup/tf-example-lb-tg/c34cdf39168f54a9",
            "ip_address_type": "ipv4",
            "lambda_multi_value_headers_enabled": false,
            "load_balancer_arns": [],
            "load_balancing_algorithm_type": "round_robin",
            "load_balancing_anomaly_mitigation": "off",
            "load_balancing_cross_zone_enabled": "use_load_balancer_configuration",
            "name": "tf-example-lb-tg",
            "name_prefix": "",
            "port": 80,
            "preserve_client_ip": null,
            "protocol": "HTTP",
            "protocol_version": "HTTP1",
            "proxy_protocol_v2": false,
            "slow_start": 0,
            "stickiness": [
              {
                "cookie_duration": 86400,
                "cookie_name": "",
                "enabled": false,
                "type": "lb_cookie"
              }
            ],
            "tags": null,
            "tags_all": {},
            "target_failover": [
              {
                "on_deregistration": null,
                "on_unhealthy": null
              }
            ],
            "target_group_health": [
              {
                "dns_failover": [
                  {
                    "minimum_healthy_targets_count": "1",
                    "minimum_healthy_targets_percentage": "off"
                  }
                ],
                "unhealthy_state_routing": [
                  {
                    "minimum_healthy_targets_count": 1,
                    "minimum_healthy_targets_percentage": "off"
                  }
                ]
              }
            ],
            "target_health_state": [
              {
                "enable_unhealthy_connection_termination": null,
                "unhealthy_draining_interval": null
              }
            ],
            "target_type": "instance",
            "vpc_id": "vpc-06b5c139a7baa55b6"
          },
          "sensitive_attributes": [],
          "private": "bnVsbA==",
          "dependencies": [
            "aws_vpc.main_vpc"
          ]
        }
      ]
    },
    {
      "mode": "managed",
      "type": "aws_nat_gateway",
      "name": "Test01",
      "provider": "provider[\"registry.terraform.io/hashicorp/aws\"]",
      "instances": [
        {
          "schema_version": 0,
          "attributes": {
            "allocation_id": "eipalloc-0a4c167396fd61c66",
            "association_id": "eipassoc-06b3753ebd7682b87",
            "connectivity_type": "public",
            "id": "nat-031a04d620f71d409",
            "network_interface_id": "eni-0f98838f055e53cd6",
            "private_ip": "10.0.20.253",
            "public_ip": "44.205.149.188",
            "secondary_allocation_ids": null,
            "secondary_private_ip_address_count": 0,
            "secondary_private_ip_addresses": [],
            "subnet_id": "subnet-00027780e368d438b",
            "tags": {
              "Name": "gw NAT"
            },
            "tags_all": {
              "Name": "gw NAT"
            },
            "timeouts": null
          },
          "sensitive_attributes": [],
          "private": "eyJlMmJmYjczMC1lY2FhLTExZTYtOGY4OC0zNDM2M2JjN2M0YzAiOnsiY3JlYXRlIjo2MDAwMDAwMDAwMDAsImRlbGV0ZSI6MTgwMDAwMDAwMDAwMCwidXBkYXRlIjo2MDAwMDAwMDAwMDB9fQ==",
          "dependencies": [
            "aws_eip.nat_eip",
            "aws_subnet.public_ssup2",
            "aws_vpc.main_vpc"
          ]
        }
      ]
    },
    {
      "mode": "managed",
      "type": "aws_route",
      "name": "Private22",
      "provider": "provider[\"registry.terraform.io/hashicorp/aws\"]",
      "instances": [
        {
          "schema_version": 0,
          "attributes": {
            "carrier_gateway_id": "",
            "core_network_arn": "",
            "destination_cidr_block": "0.0.0.0/0",
            "destination_ipv6_cidr_block": "",
            "destination_prefix_list_id": "",
            "egress_only_gateway_id": "",
            "gateway_id": "",
            "id": "r-rtb-0fad48f78331f1b4e1080289494",
            "instance_id": "",
            "instance_owner_id": "",
            "local_gateway_id": "",
            "nat_gateway_id": "nat-031a04d620f71d409",
            "network_interface_id": "",
            "origin": "CreateRoute",
            "route_table_id": "rtb-0fad48f78331f1b4e",
            "state": "active",
            "timeouts": null,
            "transit_gateway_id": "",
            "vpc_endpoint_id": "",
            "vpc_peering_connection_id": ""
          },
          "sensitive_attributes": [],
          "private": "eyJlMmJmYjczMC1lY2FhLTExZTYtOGY4OC0zNDM2M2JjN2M0YzAiOnsiY3JlYXRlIjozMDAwMDAwMDAwMDAsImRlbGV0ZSI6MzAwMDAwMDAwMDAwLCJ1cGRhdGUiOjEyMDAwMDAwMDAwMH19",
          "dependencies": [
            "aws_eip.nat_eip",
            "aws_nat_gateway.Test01",
            "aws_route_table.PrivateRT",
            "aws_subnet.public_ssup2",
            "aws_vpc.main_vpc"
          ]
        }
      ]
    },
    {
      "mode": "managed",
      "type": "aws_route_table",
      "name": "PrivateRT",
      "provider": "provider[\"registry.terraform.io/hashicorp/aws\"]",
      "instances": [
        {
          "schema_version": 0,
          "attributes": {
            "arn": "arn:aws:ec2:us-east-1:515122450677:route-table/rtb-0fad48f78331f1b4e",
            "id": "rtb-0fad48f78331f1b4e",
            "owner_id": "515122450677",
            "propagating_vgws": [],
            "route": [],
            "tags": null,
            "tags_all": {},
            "timeouts": null,
            "vpc_id": "vpc-06b5c139a7baa55b6"
          },
          "sensitive_attributes": [],
          "private": "eyJlMmJmYjczMC1lY2FhLTExZTYtOGY4OC0zNDM2M2JjN2M0YzAiOnsiY3JlYXRlIjozMDAwMDAwMDAwMDAsImRlbGV0ZSI6MzAwMDAwMDAwMDAwLCJ1cGRhdGUiOjEyMDAwMDAwMDAwMH19",
          "dependencies": [
            "aws_vpc.main_vpc"
          ]
        }
      ]
    },
    {
      "mode": "managed",
      "type": "aws_route_table",
      "name": "publicRT",
      "provider": "provider[\"registry.terraform.io/hashicorp/aws\"]",
      "instances": [
        {
          "schema_version": 0,
          "attributes": {
            "arn": "arn:aws:ec2:us-east-1:515122450677:route-table/rtb-06f6b2c843284d228",
            "id": "rtb-06f6b2c843284d228",
            "owner_id": "515122450677",
            "propagating_vgws": [],
            "route": [
              {
                "carrier_gateway_id": "",
                "cidr_block": "0.0.0.0/0",
                "core_network_arn": "",
                "destination_prefix_list_id": "",
                "egress_only_gateway_id": "",
                "gateway_id": "igw-0abe2c79db5c86f40",
                "ipv6_cidr_block": "",
                "local_gateway_id": "",
                "nat_gateway_id": "",
                "network_interface_id": "",
                "transit_gateway_id": "",
                "vpc_endpoint_id": "",
                "vpc_peering_connection_id": ""
              }
            ],
            "tags": null,
            "tags_all": {},
            "timeouts": null,
            "vpc_id": "vpc-06b5c139a7baa55b6"
          },
          "sensitive_attributes": [],
          "private": "eyJlMmJmYjczMC1lY2FhLTExZTYtOGY4OC0zNDM2M2JjN2M0YzAiOnsiY3JlYXRlIjozMDAwMDAwMDAwMDAsImRlbGV0ZSI6MzAwMDAwMDAwMDAwLCJ1cGRhdGUiOjEyMDAwMDAwMDAwMH19",
          "dependencies": [
            "aws_internet_gateway.gw-01",
            "aws_vpc.main_vpc"
          ]
        }
      ]
    },
    {
      "mode": "managed",
      "type": "aws_route_table_association",
      "name": "Private01",
      "provider": "provider[\"registry.terraform.io/hashicorp/aws\"]",
      "instances": [
        {
          "schema_version": 0,
          "attributes": {
            "gateway_id": "",
            "id": "rtbassoc-0b4df8e6d7f9259d6",
            "route_table_id": "rtb-0fad48f78331f1b4e",
            "subnet_id": "subnet-02c8820ea938a193c",
            "timeouts": null
          },
          "sensitive_attributes": [],
          "private": "eyJlMmJmYjczMC1lY2FhLTExZTYtOGY4OC0zNDM2M2JjN2M0YzAiOnsiY3JlYXRlIjozMDAwMDAwMDAwMDAsImRlbGV0ZSI6MzAwMDAwMDAwMDAwLCJ1cGRhdGUiOjEyMDAwMDAwMDAwMH19",
          "dependencies": [
            "aws_route_table.PrivateRT",
            "aws_subnet.Private_ssup1",
            "aws_vpc.main_vpc"
          ]
        }
      ]
    },
    {
      "mode": "managed",
      "type": "aws_route_table_association",
      "name": "Private02",
      "provider": "provider[\"registry.terraform.io/hashicorp/aws\"]",
      "instances": [
        {
          "schema_version": 0,
          "attributes": {
            "gateway_id": "",
            "id": "rtbassoc-079bae65077a36c13",
            "route_table_id": "rtb-0fad48f78331f1b4e",
            "subnet_id": "subnet-05d637f2d81c3231f",
            "timeouts": null
          },
          "sensitive_attributes": [],
          "private": "eyJlMmJmYjczMC1lY2FhLTExZTYtOGY4OC0zNDM2M2JjN2M0YzAiOnsiY3JlYXRlIjozMDAwMDAwMDAwMDAsImRlbGV0ZSI6MzAwMDAwMDAwMDAwLCJ1cGRhdGUiOjEyMDAwMDAwMDAwMH19",
          "dependencies": [
            "aws_route_table.PrivateRT",
            "aws_subnet.Private_ssup2",
            "aws_vpc.main_vpc"
          ]
        }
      ]
    },
    {
      "mode": "managed",
      "type": "aws_route_table_association",
      "name": "public01",
      "provider": "provider[\"registry.terraform.io/hashicorp/aws\"]",
      "instances": [
        {
          "schema_version": 0,
          "attributes": {
            "gateway_id": "",
            "id": "rtbassoc-02957a3be8ef4b7eb",
            "route_table_id": "rtb-06f6b2c843284d228",
            "subnet_id": "subnet-0e5285a1d49873fb0",
            "timeouts": null
          },
          "sensitive_attributes": [],
          "private": "eyJlMmJmYjczMC1lY2FhLTExZTYtOGY4OC0zNDM2M2JjN2M0YzAiOnsiY3JlYXRlIjozMDAwMDAwMDAwMDAsImRlbGV0ZSI6MzAwMDAwMDAwMDAwLCJ1cGRhdGUiOjEyMDAwMDAwMDAwMH19",
          "dependencies": [
            "aws_internet_gateway.gw-01",
            "aws_route_table.publicRT",
            "aws_subnet.public_ssup1",
            "aws_vpc.main_vpc"
          ]
        }
      ]
    },
    {
      "mode": "managed",
      "type": "aws_route_table_association",
      "name": "public02",
      "provider": "provider[\"registry.terraform.io/hashicorp/aws\"]",
      "instances": [
        {
          "schema_version": 0,
          "attributes": {
            "gateway_id": "",
            "id": "rtbassoc-0ea04979ca4744570",
            "route_table_id": "rtb-06f6b2c843284d228",
            "subnet_id": "subnet-00027780e368d438b",
            "timeouts": null
          },
          "sensitive_attributes": [],
          "private": "eyJlMmJmYjczMC1lY2FhLTExZTYtOGY4OC0zNDM2M2JjN2M0YzAiOnsiY3JlYXRlIjozMDAwMDAwMDAwMDAsImRlbGV0ZSI6MzAwMDAwMDAwMDAwLCJ1cGRhdGUiOjEyMDAwMDAwMDAwMH19",
          "dependencies": [
            "aws_internet_gateway.gw-01",
            "aws_route_table.publicRT",
            "aws_subnet.public_ssup2",
            "aws_vpc.main_vpc"
          ]
        }
      ]
    },
    {
      "mode": "managed",
      "type": "aws_s3_bucket",
      "name": "cloudkodessdf3",
      "provider": "provider[\"registry.terraform.io/hashicorp/aws\"]",
      "instances": [
        {
          "schema_version": 0,
          "attributes": {
            "acceleration_status": "",
            "acl": null,
            "arn": "arn:aws:s3:::coudkodessdf3",
            "bucket": "coudkodessdf3",
            "bucket_domain_name": "coudkodessdf3.s3.amazonaws.com",
            "bucket_prefix": "",
            "bucket_regional_domain_name": "coudkodessdf3.s3.us-east-1.amazonaws.com",
            "cors_rule": [],
            "force_destroy": true,
            "grant": [
              {
                "id": "4177588de9d045457cc768deb2206209ebaca5685a886377456bd036c60fa815",
                "permissions": [
                  "FULL_CONTROL"
                ],
                "type": "CanonicalUser",
                "uri": ""
              }
            ],
            "hosted_zone_id": "Z3AQBSTGFYJSTF",
            "id": "coudkodessdf3",
            "lifecycle_rule": [],
            "logging": [],
            "object_lock_configuration": [],
            "object_lock_enabled": false,
            "policy": "",
            "region": "us-east-1",
            "replication_configuration": [],
            "request_payer": "BucketOwner",
            "server_side_encryption_configuration": [
              {
                "rule": [
                  {
                    "apply_server_side_encryption_by_default": [
                      {
                        "kms_master_key_id": "",
                        "sse_algorithm": "AES256"
                      }
                    ],
                    "bucket_key_enabled": false
                  }
                ]
              }
            ],
            "tags": {
              "Name": "cloudkodessdf3"
            },
            "tags_all": {
              "Name": "cloudkodessdf3"
            },
            "timeouts": null,
            "versioning": [
              {
                "enabled": false,
                "mfa_delete": false
              }
            ],
            "website": [],
            "website_domain": null,
            "website_endpoint": null
          },
          "sensitive_attributes": [],
          "private": "eyJlMmJmYjczMC1lY2FhLTExZTYtOGY4OC0zNDM2M2JjN2M0YzAiOnsiY3JlYXRlIjoxMjAwMDAwMDAwMDAwLCJkZWxldGUiOjM2MDAwMDAwMDAwMDAsInJlYWQiOjEyMDAwMDAwMDAwMDAsInVwZGF0ZSI6MTIwMDAwMDAwMDAwMH19"
        }
      ]
    },
    {
      "mode": "managed",
      "type": "aws_security_group",
      "name": "EC2ssx",
      "provider": "provider[\"registry.terraform.io/hashicorp/aws\"]",
      "instances": [
        {
          "schema_version": 1,
          "attributes": {
            "arn": "arn:aws:ec2:us-east-1:515122450677:security-group/sg-0dbe7a19496c670f1",
            "description": "Allow All inbound traffic",
            "egress": [
              {
                "cidr_blocks": [
                  "0.0.0.0/0"
                ],
                "description": "",
                "from_port": 0,
                "ipv6_cidr_blocks": [],
                "prefix_list_ids": [],
                "protocol": "-1",
                "security_groups": [],
                "self": false,
                "to_port": 0
              }
            ],
            "id": "sg-0dbe7a19496c670f1",
            "ingress": [
              {
                "cidr_blocks": [
                  "0.0.0.0/0"
                ],
                "description": "",
                "from_port": 80,
                "ipv6_cidr_blocks": [],
                "prefix_list_ids": [],
                "protocol": "tcp",
                "security_groups": [],
                "self": false,
                "to_port": 80
              },
              {
                "cidr_blocks": [
                  "0.0.0.0/0"
                ],
                "description": "TLS from VPC",
                "from_port": 22,
                "ipv6_cidr_blocks": [],
                "prefix_list_ids": [],
                "protocol": "tcp",
                "security_groups": [],
                "self": false,
                "to_port": 22
              }
            ],
            "name": "allow_sss",
            "name_prefix": "",
            "owner_id": "515122450677",
            "revoke_rules_on_delete": false,
            "tags": {
              "Name": "EC2ssx"
            },
            "tags_all": {
              "Name": "EC2ssx"
            },
            "timeouts": null,
            "vpc_id": "vpc-06b5c139a7baa55b6"
          },
          "sensitive_attributes": [],
          "private": "eyJlMmJmYjczMC1lY2FhLTExZTYtOGY4OC0zNDM2M2JjN2M0YzAiOnsiY3JlYXRlIjo2MDAwMDAwMDAwMDAsImRlbGV0ZSI6OTAwMDAwMDAwMDAwfSwic2NoZW1hX3ZlcnNpb24iOiIxIn0=",
          "dependencies": [
            "aws_vpc.main_vpc"
          ]
        }
      ]
    },
    {
      "mode": "managed",
      "type": "aws_security_group",
      "name": "bastions",
      "provider": "provider[\"registry.terraform.io/hashicorp/aws\"]",
      "instances": [
        {
          "schema_version": 1,
          "attributes": {
            "arn": "arn:aws:ec2:us-east-1:515122450677:security-group/sg-0bbd1e3c29afebb04",
            "description": "Allow TLS inbound traffic",
            "egress": [
              {
                "cidr_blocks": [
                  "0.0.0.0/0"
                ],
                "description": "",
                "from_port": 0,
                "ipv6_cidr_blocks": [],
                "prefix_list_ids": [],
                "protocol": "-1",
                "security_groups": [],
                "self": false,
                "to_port": 0
              }
            ],
            "id": "sg-0bbd1e3c29afebb04",
            "ingress": [
              {
                "cidr_blocks": [
                  "0.0.0.0/0"
                ],
                "description": "TLS from VPC",
                "from_port": 22,
                "ipv6_cidr_blocks": [],
                "prefix_list_ids": [],
                "protocol": "tcp",
                "security_groups": [],
                "self": false,
                "to_port": 22
              }
            ],
            "name": "allow_tls",
            "name_prefix": "",
            "owner_id": "515122450677",
            "revoke_rules_on_delete": false,
            "tags": {
              "Name": "bastions"
            },
            "tags_all": {
              "Name": "bastions"
            },
            "timeouts": null,
            "vpc_id": "vpc-06b5c139a7baa55b6"
          },
          "sensitive_attributes": [],
          "private": "eyJlMmJmYjczMC1lY2FhLTExZTYtOGY4OC0zNDM2M2JjN2M0YzAiOnsiY3JlYXRlIjo2MDAwMDAwMDAwMDAsImRlbGV0ZSI6OTAwMDAwMDAwMDAwfSwic2NoZW1hX3ZlcnNpb24iOiIxIn0=",
          "dependencies": [
            "aws_vpc.main_vpc"
          ]
        }
      ]
    },
    {
      "mode": "managed",
      "type": "aws_subnet",
      "name": "Private_ssup1",
      "provider": "provider[\"registry.terraform.io/hashicorp/aws\"]",
      "instances": [
        {
          "schema_version": 1,
          "attributes": {
            "arn": "arn:aws:ec2:us-east-1:515122450677:subnet/subnet-02c8820ea938a193c",
            "assign_ipv6_address_on_creation": false,
            "availability_zone": "us-east-1a",
            "availability_zone_id": "use1-az6",
            "cidr_block": "10.0.30.0/24",
            "customer_owned_ipv4_pool": "",
            "enable_dns64": false,
            "enable_lni_at_device_index": 0,
            "enable_resource_name_dns_a_record_on_launch": false,
            "enable_resource_name_dns_aaaa_record_on_launch": false,
            "id": "subnet-02c8820ea938a193c",
            "ipv6_cidr_block": "",
            "ipv6_cidr_block_association_id": "",
            "ipv6_native": false,
            "map_customer_owned_ip_on_launch": false,
            "map_public_ip_on_launch": false,
            "outpost_arn": "",
            "owner_id": "515122450677",
            "private_dns_hostname_type_on_launch": "ip-name",
            "tags": {
              "Name": "Private_ssup1"
            },
            "tags_all": {
              "Name": "Private_ssup1"
            },
            "timeouts": null,
            "vpc_id": "vpc-06b5c139a7baa55b6"
          },
          "sensitive_attributes": [],
          "private": "eyJlMmJmYjczMC1lY2FhLTExZTYtOGY4OC0zNDM2M2JjN2M0YzAiOnsiY3JlYXRlIjo2MDAwMDAwMDAwMDAsImRlbGV0ZSI6MTIwMDAwMDAwMDAwMH0sInNjaGVtYV92ZXJzaW9uIjoiMSJ9",
          "dependencies": [
            "aws_vpc.main_vpc"
          ]
        }
      ]
    },
    {
      "mode": "managed",
      "type": "aws_subnet",
      "name": "Private_ssup2",
      "provider": "provider[\"registry.terraform.io/hashicorp/aws\"]",
      "instances": [
        {
          "schema_version": 1,
          "attributes": {
            "arn": "arn:aws:ec2:us-east-1:515122450677:subnet/subnet-05d637f2d81c3231f",
            "assign_ipv6_address_on_creation": false,
            "availability_zone": "us-east-1b",
            "availability_zone_id": "use1-az1",
            "cidr_block": "10.0.40.0/24",
            "customer_owned_ipv4_pool": "",
            "enable_dns64": false,
            "enable_lni_at_device_index": 0,
            "enable_resource_name_dns_a_record_on_launch": false,
            "enable_resource_name_dns_aaaa_record_on_launch": false,
            "id": "subnet-05d637f2d81c3231f",
            "ipv6_cidr_block": "",
            "ipv6_cidr_block_association_id": "",
            "ipv6_native": false,
            "map_customer_owned_ip_on_launch": false,
            "map_public_ip_on_launch": false,
            "outpost_arn": "",
            "owner_id": "515122450677",
            "private_dns_hostname_type_on_launch": "ip-name",
            "tags": {
              "Name": "Private_ssup2"
            },
            "tags_all": {
              "Name": "Private_ssup2"
            },
            "timeouts": null,
            "vpc_id": "vpc-06b5c139a7baa55b6"
          },
          "sensitive_attributes": [],
          "private": "eyJlMmJmYjczMC1lY2FhLTExZTYtOGY4OC0zNDM2M2JjN2M0YzAiOnsiY3JlYXRlIjo2MDAwMDAwMDAwMDAsImRlbGV0ZSI6MTIwMDAwMDAwMDAwMH0sInNjaGVtYV92ZXJzaW9uIjoiMSJ9",
          "dependencies": [
            "aws_vpc.main_vpc"
          ]
        }
      ]
    },
    {
      "mode": "managed",
      "type": "aws_subnet",
      "name": "public_ssup1",
      "provider": "provider[\"registry.terraform.io/hashicorp/aws\"]",
      "instances": [
        {
          "schema_version": 1,
          "attributes": {
            "arn": "arn:aws:ec2:us-east-1:515122450677:subnet/subnet-0e5285a1d49873fb0",
            "assign_ipv6_address_on_creation": false,
            "availability_zone": "us-east-1a",
            "availability_zone_id": "use1-az6",
            "cidr_block": "10.0.10.0/24",
            "customer_owned_ipv4_pool": "",
            "enable_dns64": false,
            "enable_lni_at_device_index": 0,
            "enable_resource_name_dns_a_record_on_launch": false,
            "enable_resource_name_dns_aaaa_record_on_launch": false,
            "id": "subnet-0e5285a1d49873fb0",
            "ipv6_cidr_block": "",
            "ipv6_cidr_block_association_id": "",
            "ipv6_native": false,
            "map_customer_owned_ip_on_launch": false,
            "map_public_ip_on_launch": false,
            "outpost_arn": "",
            "owner_id": "515122450677",
            "private_dns_hostname_type_on_launch": "ip-name",
            "tags": {
              "Name": "public_ssup1"
            },
            "tags_all": {
              "Name": "public_ssup1"
            },
            "timeouts": null,
            "vpc_id": "vpc-06b5c139a7baa55b6"
          },
          "sensitive_attributes": [],
          "private": "eyJlMmJmYjczMC1lY2FhLTExZTYtOGY4OC0zNDM2M2JjN2M0YzAiOnsiY3JlYXRlIjo2MDAwMDAwMDAwMDAsImRlbGV0ZSI6MTIwMDAwMDAwMDAwMH0sInNjaGVtYV92ZXJzaW9uIjoiMSJ9",
          "dependencies": [
            "aws_vpc.main_vpc"
          ]
        }
      ]
    },
    {
      "mode": "managed",
      "type": "aws_subnet",
      "name": "public_ssup2",
      "provider": "provider[\"registry.terraform.io/hashicorp/aws\"]",
      "instances": [
        {
          "schema_version": 1,
          "attributes": {
            "arn": "arn:aws:ec2:us-east-1:515122450677:subnet/subnet-00027780e368d438b",
            "assign_ipv6_address_on_creation": false,
            "availability_zone": "us-east-1b",
            "availability_zone_id": "use1-az1",
            "cidr_block": "10.0.20.0/24",
            "customer_owned_ipv4_pool": "",
            "enable_dns64": false,
            "enable_lni_at_device_index": 0,
            "enable_resource_name_dns_a_record_on_launch": false,
            "enable_resource_name_dns_aaaa_record_on_launch": false,
            "id": "subnet-00027780e368d438b",
            "ipv6_cidr_block": "",
            "ipv6_cidr_block_association_id": "",
            "ipv6_native": false,
            "map_customer_owned_ip_on_launch": false,
            "map_public_ip_on_launch": false,
            "outpost_arn": "",
            "owner_id": "515122450677",
            "private_dns_hostname_type_on_launch": "ip-name",
            "tags": {
              "Name": "public_ssup2"
            },
            "tags_all": {
              "Name": "public_ssup2"
            },
            "timeouts": null,
            "vpc_id": "vpc-06b5c139a7baa55b6"
          },
          "sensitive_attributes": [],
          "private": "eyJlMmJmYjczMC1lY2FhLTExZTYtOGY4OC0zNDM2M2JjN2M0YzAiOnsiY3JlYXRlIjo2MDAwMDAwMDAwMDAsImRlbGV0ZSI6MTIwMDAwMDAwMDAwMH0sInNjaGVtYV92ZXJzaW9uIjoiMSJ9",
          "dependencies": [
            "aws_vpc.main_vpc"
          ]
        }
      ]
    },
    {
      "mode": "managed",
      "type": "aws_vpc",
      "name": "main_vpc",
      "provider": "provider[\"registry.terraform.io/hashicorp/aws\"]",
      "instances": [
        {
          "schema_version": 1,
          "attributes": {
            "arn": "arn:aws:ec2:us-east-1:515122450677:vpc/vpc-06b5c139a7baa55b6",
            "assign_generated_ipv6_cidr_block": false,
            "cidr_block": "10.0.0.0/18",
            "default_network_acl_id": "acl-0c8fc41efe55d8264",
            "default_route_table_id": "rtb-010e7046161ae8e79",
            "default_security_group_id": "sg-088eba761cc3e1e45",
            "dhcp_options_id": "dopt-1fb1a965",
            "enable_dns_hostnames": true,
            "enable_dns_support": true,
            "enable_network_address_usage_metrics": false,
            "id": "vpc-06b5c139a7baa55b6",
            "instance_tenancy": "default",
            "ipv4_ipam_pool_id": null,
            "ipv4_netmask_length": null,
            "ipv6_association_id": "",
            "ipv6_cidr_block": "",
            "ipv6_cidr_block_network_border_group": "",
            "ipv6_ipam_pool_id": "",
            "ipv6_netmask_length": 0,
            "main_route_table_id": "rtb-010e7046161ae8e79",
            "owner_id": "515122450677",
            "tags": {
              "Name": "TF"
            },
            "tags_all": {
              "Name": "TF"
            }
          },
          "sensitive_attributes": [],
          "private": "eyJzY2hlbWFfdmVyc2lvbiI6IjEifQ=="
        }
      ]
    },
    {
      "mode": "managed",
      "type": "tls_private_key",
      "name": "jumper_to_private_key",
      "provider": "provider[\"registry.terraform.io/hashicorp/tls\"]",
      "instances": [
        {
          "schema_version": 1,
          "attributes": {
            "algorithm": "RSA",
            "ecdsa_curve": "P224",
            "id": "ac9ba2a320b2cc3e8ecbfd72f57a098b1b4a4a7c",
            "private_key_openssh": "-----BEGIN OPENSSH PRIVATE KEY-----\nb3BlbnNzaC1rZXktdjEAAAAABG5vbmUAAAAEbm9uZQAAAAAAAAABAAABFwAAAAdz\nc2gtcnNhAAAAAwEAAQAAAQEAsi7ymBzkgQBSxTsovnKBAvCKOE9nCA8aRVVP/MIB\ngjG9NdZsUZWh2iZdtw4xA2dWopjGYRas0jrPDVxam96N/DQphjGZMYkX8EanhTNB\njkI4hkKLPMBvSPXDZLV4dgBXT6oCGRc2I+FIA42wZIABaLEC6qq8a/ygDqLieNCW\nYg5CInvNLMHVpj897cW1p/3ULB0E2pihj0ulnJurQmSo7NQTJ19UcmH7pO+r8pc7\nZbXNpfLWtCJt2Q0vY3hCGktvfG5UxQ1+oG9nwa+yiNAZse6iibs0ISZb5iKVuOFc\nqkD9Bj1h6ODHKhqjoJ7u2A5JJjzRmhw5IZZi68y9Cp9wsQAAA7jdlv8i3Zb/IgAA\nAAdzc2gtcnNhAAABAQCyLvKYHOSBAFLFOyi+coEC8Io4T2cIDxpFVU/8wgGCMb01\n1mxRlaHaJl23DjEDZ1aimMZhFqzSOs8NXFqb3o38NCmGMZkxiRfwRqeFM0GOQjiG\nQos8wG9I9cNktXh2AFdPqgIZFzYj4UgDjbBkgAFosQLqqrxr/KAOouJ40JZiDkIi\ne80swdWmPz3txbWn/dQsHQTamKGPS6Wcm6tCZKjs1BMnX1RyYfuk76vylztltc2l\n8ta0Im3ZDS9jeEIaS298blTFDX6gb2fBr7KI0Bmx7qKJuzQhJlvmIpW44VyqQP0G\nPWHo4McqGqOgnu7YDkkmPNGaHDkhlmLrzL0Kn3CxAAAAAwEAAQAAAQBIoW5tpslV\n9CXJE5ZGGzKPWjFdRrB+znks7duO8h3fThsMSP0aPF4fKChnJ7e+5W6hFJk4lh+Y\nCjTAA3dDtfI2baTHeIwzbuh9Hq/GUeBU9pVH1PQgrWgvW05sTLRvlTAB3xC/3YBK\nG9hY6naOYMcyP4Uq1rG7atxrWuXpzUyfZvXAGIZ4J5GwLM19a50NEKzzbIRvTn+Q\nRVRM9XFdJUOi+jlTzsfNBcAgKwtLUK/Yi8bgDqk61FcuLOfU49rhXweLp11Q12FG\n/HTcTwY3wCqN6sppj72xQdKLrbkjRewJe1aABlggqatKYf6e8tUvigULggHQ4Rmv\nRwEwsOEfz41hAAAAgQCe8vlUbnrMNOL22rbGnObwTBTHsgBOG8eJUsKTEDnaqJqp\n0zu8NGX9juroiQK2GyFA5IjrthsvipV8tccKimWabyItguiGhc9X9oL9tEGwS/rV\nFQhfoqXPK4y8/KqpOe6b2mlIHlbalGMYdUoeT2HP5F9Gv05DkVjtb1jt0DgxvAAA\nAIEA6DcF5xafXCJdOZs/cLdCeoGdKBidFv0Ui+LhBBu+jVie6sHaYhqlJ5V5L2Lj\nIE4uWGE1N72m4NFniJwbsAYIXECylO4Z0JlfPlEt0Oyiw+Mx9Eh1BFnwhJAJNCKn\nkq40Oy7C3uW7yTFyygY6RnHitCCq1NE+5mA0sb48m6Sgfi0AAACBAMRvJbjZJe0R\nvqirIy05vNhVQRhYseWysWmMjq7ehXD/2FprYhF9RNacOcsF/wO3ffURoSWqjRZx\n6+7dLO0bFgHS9qMbne4YkHD1p4560xlMvY8lLOUKWngf4EI9qzNiTmuGNOsrc9dj\nwxNDtfB/ehl7fQumIIOHeX3kijqnDtMVAAAAAAEC\n-----END OPENSSH PRIVATE KEY-----\n",
            "private_key_pem": "-----BEGIN RSA PRIVATE KEY-----\nMIIEpAIBAAKCAQEAsi7ymBzkgQBSxTsovnKBAvCKOE9nCA8aRVVP/MIBgjG9NdZs\nUZWh2iZdtw4xA2dWopjGYRas0jrPDVxam96N/DQphjGZMYkX8EanhTNBjkI4hkKL\nPMBvSPXDZLV4dgBXT6oCGRc2I+FIA42wZIABaLEC6qq8a/ygDqLieNCWYg5CInvN\nLMHVpj897cW1p/3ULB0E2pihj0ulnJurQmSo7NQTJ19UcmH7pO+r8pc7ZbXNpfLW\ntCJt2Q0vY3hCGktvfG5UxQ1+oG9nwa+yiNAZse6iibs0ISZb5iKVuOFcqkD9Bj1h\n6ODHKhqjoJ7u2A5JJjzRmhw5IZZi68y9Cp9wsQIDAQABAoIBAEihbm2myVX0JckT\nlkYbMo9aMV1GsH7OeSzt247yHd9OGwxI/Ro8Xh8oKGcnt77lbqEUmTiWH5gKNMAD\nd0O18jZtpMd4jDNu6H0er8ZR4FT2lUfU9CCtaC9bTmxMtG+VMAHfEL/dgEob2Fjq\ndo5gxzI/hSrWsbtq3Gta5enNTJ9m9cAYhngnkbAszX1rnQ0QrPNshG9Of5BFVEz1\ncV0lQ6L6OVPOx80FwCArC0tQr9iLxuAOqTrUVy4s59Tj2uFfB4unXVDXYUb8dNxP\nBjfAKo3qymmPvbFB0outuSNF7Al7VoAGWCCpq0ph/p7y1S+KBQuCAdDhGa9HATCw\n4R/PjWECgYEA6DcF5xafXCJdOZs/cLdCeoGdKBidFv0Ui+LhBBu+jVie6sHaYhql\nJ5V5L2LjIE4uWGE1N72m4NFniJwbsAYIXECylO4Z0JlfPlEt0Oyiw+Mx9Eh1BFnw\nhJAJNCKnkq40Oy7C3uW7yTFyygY6RnHitCCq1NE+5mA0sb48m6Sgfi0CgYEAxG8l\nuNkl7RG+qKsjLTm82FVBGFix5bKxaYyOrt6FcP/YWmtiEX1E1pw5ywX/A7d99RGh\nJaqNFnHr7t0s7RsWAdL2oxud7hiQcPWnjnrTGUy9jyUs5QpaeB/gQj2rM2JOa4Y0\n6ytz12PDE0O18H96GXt9C6Ygg4d5feSKOqcO0xUCgYAUAHFMt2EgoYEgLiQnxFFA\nlhuAUaZuTXxQlElHflBKgoClve7elmb1YuWeVEk2BiXtzOm1lGtkYAUn+jJUViCw\nOY5oT53/nsZaasmkfk2Cy/YIkZkqt8iE0pdIW1fNxZ2QH3X/lxA2w0Cc8C5i1Ppv\nA4VTcXaWh2Dikn1L9sEwPQKBgQDCv+tnQ6rNSm17bgi3Guo2lPevuqfNMoegPKFt\nj+I+sPkAVDxrWIX6O/M0bOJy/eXcJbldzaSJnzKppBCZluQPtOefuI6wcxwpUfPo\nV6+ZArNhCxtijQw60meVZOyqSgmzouAuU+tKnXbXT6c/JDOatgq4lODhZlw2S3Ic\nSmpxLQKBgQCe8vlUbnrMNOL22rbGnObwTBTHsgBOG8eJUsKTEDnaqJqp0zu8NGX9\njuroiQK2GyFA5IjrthsvipV8tccKimWabyItguiGhc9X9oL9tEGwS/rVFQhfoqXP\nK4y8/KqpOe6b2mlIHlbalGMYdUoeT2HP5F9Gv05DkVjtb1jt0DgxvA==\n-----END RSA PRIVATE KEY-----\n",
            "private_key_pem_pkcs8": "-----BEGIN PRIVATE KEY-----\nMIIEvgIBADANBgkqhkiG9w0BAQEFAASCBKgwggSkAgEAAoIBAQCyLvKYHOSBAFLF\nOyi+coEC8Io4T2cIDxpFVU/8wgGCMb011mxRlaHaJl23DjEDZ1aimMZhFqzSOs8N\nXFqb3o38NCmGMZkxiRfwRqeFM0GOQjiGQos8wG9I9cNktXh2AFdPqgIZFzYj4UgD\njbBkgAFosQLqqrxr/KAOouJ40JZiDkIie80swdWmPz3txbWn/dQsHQTamKGPS6Wc\nm6tCZKjs1BMnX1RyYfuk76vylztltc2l8ta0Im3ZDS9jeEIaS298blTFDX6gb2fB\nr7KI0Bmx7qKJuzQhJlvmIpW44VyqQP0GPWHo4McqGqOgnu7YDkkmPNGaHDkhlmLr\nzL0Kn3CxAgMBAAECggEASKFubabJVfQlyROWRhsyj1oxXUawfs55LO3bjvId304b\nDEj9GjxeHygoZye3vuVuoRSZOJYfmAo0wAN3Q7XyNm2kx3iMM27ofR6vxlHgVPaV\nR9T0IK1oL1tObEy0b5UwAd8Qv92AShvYWOp2jmDHMj+FKtaxu2rca1rl6c1Mn2b1\nwBiGeCeRsCzNfWudDRCs82yEb05/kEVUTPVxXSVDovo5U87HzQXAICsLS1Cv2IvG\n4A6pOtRXLizn1OPa4V8Hi6ddUNdhRvx03E8GN8AqjerKaY+9sUHSi625I0XsCXtW\ngAZYIKmrSmH+nvLVL4oFC4IB0OEZr0cBMLDhH8+NYQKBgQDoNwXnFp9cIl05mz9w\nt0J6gZ0oGJ0W/RSL4uEEG76NWJ7qwdpiGqUnlXkvYuMgTi5YYTU3vabg0WeInBuw\nBghcQLKU7hnQmV8+US3Q7KLD4zH0SHUEWfCEkAk0IqeSrjQ7LsLe5bvJMXLKBjpG\nceK0IKrU0T7mYDSxvjybpKB+LQKBgQDEbyW42SXtEb6oqyMtObzYVUEYWLHlsrFp\njI6u3oVw/9haa2IRfUTWnDnLBf8Dt331EaElqo0Wcevu3SztGxYB0vajG53uGJBw\n9aeOetMZTL2PJSzlClp4H+BCPaszYk5rhjTrK3PXY8MTQ7Xwf3oZe30LpiCDh3l9\n5Io6pw7TFQKBgBQAcUy3YSChgSAuJCfEUUCWG4BRpm5NfFCUSUd+UEqCgKW97t6W\nZvVi5Z5USTYGJe3M6bWUa2RgBSf6MlRWILA5jmhPnf+exlpqyaR+TYLL9giRmSq3\nyITSl0hbV83FnZAfdf+XEDbDQJzwLmLU+m8DhVNxdpaHYOKSfUv2wTA9AoGBAMK/\n62dDqs1KbXtuCLca6jaU96+6p80yh6A8oW2P4j6w+QBUPGtYhfo78zRs4nL95dwl\nuV3NpImfMqmkEJmW5A+055+4jrBzHClR8+hXr5kCs2ELG2KNDDrSZ5Vk7KpKCbOi\n4C5T60qddtdPpz8kM5q2CriU4OFmXDZLchxKanEtAoGBAJ7y+VRuesw04vbatsac\n5vBMFMeyAE4bx4lSwpMQOdqomqnTO7w0Zf2O6uiJArYbIUDkiOu2Gy+KlXy1xwqK\nZZpvIi2C6IaFz1f2gv20QbBL+tUVCF+ipc8rjLz8qqk57pvaaUgeVtqUYxh1Sh5P\nYc/kX0a/TkORWO1vWO3QODG8\n-----END PRIVATE KEY-----\n",
            "public_key_fingerprint_md5": "83:3d:c4:5b:7b:99:c8:c0:9c:4f:73:57:64:81:d2:7e",
            "public_key_fingerprint_sha256": "SHA256:pFVW8k3WAZGwyHfi5GMe9ntlovB+eq3qApiB8XU3p6w",
            "public_key_openssh": "ssh-rsa AAAAB3NzaC1yc2EAAAADAQABAAABAQCyLvKYHOSBAFLFOyi+coEC8Io4T2cIDxpFVU/8wgGCMb011mxRlaHaJl23DjEDZ1aimMZhFqzSOs8NXFqb3o38NCmGMZkxiRfwRqeFM0GOQjiGQos8wG9I9cNktXh2AFdPqgIZFzYj4UgDjbBkgAFosQLqqrxr/KAOouJ40JZiDkIie80swdWmPz3txbWn/dQsHQTamKGPS6Wcm6tCZKjs1BMnX1RyYfuk76vylztltc2l8ta0Im3ZDS9jeEIaS298blTFDX6gb2fBr7KI0Bmx7qKJuzQhJlvmIpW44VyqQP0GPWHo4McqGqOgnu7YDkkmPNGaHDkhlmLrzL0Kn3Cx\n",
            "public_key_pem": "-----BEGIN PUBLIC KEY-----\nMIIBIjANBgkqhkiG9w0BAQEFAAOCAQ8AMIIBCgKCAQEAsi7ymBzkgQBSxTsovnKB\nAvCKOE9nCA8aRVVP/MIBgjG9NdZsUZWh2iZdtw4xA2dWopjGYRas0jrPDVxam96N\n/DQphjGZMYkX8EanhTNBjkI4hkKLPMBvSPXDZLV4dgBXT6oCGRc2I+FIA42wZIAB\naLEC6qq8a/ygDqLieNCWYg5CInvNLMHVpj897cW1p/3ULB0E2pihj0ulnJurQmSo\n7NQTJ19UcmH7pO+r8pc7ZbXNpfLWtCJt2Q0vY3hCGktvfG5UxQ1+oG9nwa+yiNAZ\nse6iibs0ISZb5iKVuOFcqkD9Bj1h6ODHKhqjoJ7u2A5JJjzRmhw5IZZi68y9Cp9w\nsQIDAQAB\n-----END PUBLIC KEY-----\n",
            "rsa_bits": 2048
          },
          "sensitive_attributes": [
            [
              {
                "type": "get_attr",
                "value": "private_key_pem"
              }
            ],
            [
              {
                "type": "get_attr",
                "value": "private_key_openssh"
              }
            ],
            [
              {
                "type": "get_attr",
                "value": "private_key_pem_pkcs8"
              }
            ]
          ]
        }
      ]
    }
  ],
  "check_results": null
}
